
Microsoft Visual Studio Solution File, Format Version 12.00
# Visual Studio 2013
VisualStudioVersion = 12.0.21005.1
MinimumVisualStudioVersion = 10.0.40219.1
Project("{FAE04EC0-301F-11D3-BF4B-00C04F79EFBC}") = "BillMe", "BillMe\BillMe.csproj", "{2C2A8D5D-801E-4B3E-B89A-A79F8B86370D}"
EndProject
Global
	GlobalSection(TeamFoundationVersionControl) = preSolution
		SccNumberOfProjects = 2
		SccEnterpriseProvider = {4CA58AB2-18FA-4F8D-95D4-32DDF27D184C}
		SccTeamFoundationServer = https://jobam.visualstudio.com/defaultcollection
		SccLocalPath0 = .
		SccProjectUniqueName1 = BillMe\\BillMe.csproj
		SccProjectName1 = BillMe
		SccLocalPath1 = BillMe
	EndGlobalSection
	GlobalSection(SolutionConfigurationPlatforms) = preSolution
		Debug|Any CPU = Debug|Any CPU
		Release|Any CPU = Release|Any CPU
	EndGlobalSection
	GlobalSection(ProjectConfigurationPlatforms) = postSolution
		{2C2A8D5D-801E-4B3E-B89A-A79F8B86370D}.Debug|Any CPU.ActiveCfg = Debug|Any CPU
		{2C2A8D5D-801E-4B3E-B89A-A79F8B86370D}.Debug|Any CPU.Build.0 = Debug|Any CPU
		{2C2A8D5D-801E-4B3E-B89A-A79F8B86370D}.Release|Any CPU.ActiveCfg = Release|Any CPU
		{2C2A8D5D-801E-4B3E-B89A-A79F8B86370D}.Release|Any CPU.Build.0 = Release|Any CPU
	EndGlobalSection
	GlobalSection(SolutionProperties) = preSolution
		HideSolutionNode = FALSE
	EndGlobalSection
EndGlobal
